Microsoft Visual Studio Solution File, Format Version 12.00
# Visual Studio Version 17
VisualStudioVersion = 17.5.2.0
MinimumVisualStudioVersion = 10.0.40219.1
Project("{FAE04EC0-301F-11D3-BF4B-00C04F79EFBC}") = "MusicVideo-MVC", "MusicVideo-MVC.csproj", "{74D64505-13B3-32A8-C094-82E7CD79697E}"
EndProject
Global
	GlobalSection(SolutionConfigurationPlatforms) = preSolution
		Debug|Any CPU = Debug|Any CPU
		Release|Any CPU = Release|Any CPU
	EndGlobalSection
	GlobalSection(ProjectConfigurationPlatforms) = postSolution
		{74D64505-13B3-32A8-C094-82E7CD79697E}.Debug|Any CPU.ActiveCfg = Debug|Any CPU
		{74D64505-13B3-32A8-C094-82E7CD79697E}.Debug|Any CPU.Build.0 = Debug|Any CPU
		{74D64505-13B3-32A8-C094-82E7CD79697E}.Release|Any CPU.ActiveCfg = Release|Any CPU
		{74D64505-13B3-32A8-C094-82E7CD79697E}.Release|Any CPU.Build.0 = Release|Any CPU
	EndGlobalSection
	GlobalSection(SolutionProperties) = preSolution
		HideSolutionNode = FALSE
	EndGlobalSection
	GlobalSection(ExtensibilityGlobals) = postSolution
		SolutionGuid = {C09B2D68-62A6-4FF8-BB85-E413B2B4CD7F}
	EndGlobalSection
EndGlobal
